// !$*UTF8*$!
{
	archiveVersion = 1;
	classes = {
	};
	objectVersion = 50;
	objects = {

/* Begin PBXBuildFile section */
		3BA0E4EB222175850044F17E /* Transitioner.swift in Sources */ = {isa = PBXBuildFile; fileRef = 3BA0E4EA222175850044F17E /* Transitioner.swift */; };
		3BA0E4ED222177330044F17E /* LoginRouter.swift in Sources */ = {isa = PBXBuildFile; fileRef = 3BA0E4EC222177330044F17E /* LoginRouter.swift */; };
		3BA0E4EF222186ED0044F17E /* MapViewController.swift in Sources */ = {isa = PBXBuildFile; fileRef = 3BA0E4EE222186ED0044F17E /* MapViewController.swift */; };
		3BA0E4F0222186F00044F17E /* MapViewController.swift in Sources */ = {isa = PBXBuildFile; fileRef = 3BA0E4EE222186ED0044F17E /* MapViewController.swift */; };
		3BA0E4F2222186FF0044F17E /* MapViewController.storyboard in Resources */ = {isa = PBXBuildFile; fileRef = 3BA0E4F1222186FF0044F17E /* MapViewController.storyboard */; };
		3BA0E4F4222187780044F17E /* MapPresenter.swift in Sources */ = {isa = PBXBuildFile; fileRef = 3BA0E4F3222187780044F17E /* MapPresenter.swift */; };
		3BA0E4F6222187EB0044F17E /* MapUseCase.swift in Sources */ = {isa = PBXBuildFile; fileRef = 3BA0E4F5222187EB0044F17E /* MapUseCase.swift */; };
		3BA0E4F8222188A30044F17E /* RecordRepository.swift in Sources */ = {isa = PBXBuildFile; fileRef = 3BA0E4F7222188A30044F17E /* RecordRepository.swift */; };
		3BA0E4FA222188AD0044F17E /* CatalogRepository.swift in Sources */ = {isa = PBXBuildFile; fileRef = 3BA0E4F9222188AD0044F17E /* CatalogRepository.swift */; };
		3BA0E4FC222188B30044F17E /* MediumRepository.swift in Sources */ = {isa = PBXBuildFile; fileRef = 3BA0E4FB222188B30044F17E /* MediumRepository.swift */; };
		3BA0E4FE2221892C0044F17E /* RecordDataStore.swift in Sources */ = {isa = PBXBuildFile; fileRef = 3BA0E4FD2221892C0044F17E /* RecordDataStore.swift */; };
		3BA0E500222189330044F17E /* CatalogDataStore.swift in Sources */ = {isa = PBXBuildFile; fileRef = 3BA0E4FF222189330044F17E /* CatalogDataStore.swift */; };
		3BA0E5022221893A0044F17E /* MediumDataStore.swift in Sources */ = {isa = PBXBuildFile; fileRef = 3BA0E5012221893A0044F17E /* MediumDataStore.swift */; };
		3BA0E50522218A480044F17E /* RecordEntity.swift in Sources */ = {isa = PBXBuildFile; fileRef = 3BA0E50422218A480044F17E /* RecordEntity.swift */; };
		3BA0E50722218A550044F17E /* CatalogEntity.swift in Sources */ = {isa = PBXBuildFile; fileRef = 3BA0E50622218A550044F17E /* CatalogEntity.swift */; };
		3BA0E50922218A620044F17E /* MediumEntity.swift in Sources */ = {isa = PBXBuildFile; fileRef = 3BA0E50822218A620044F17E /* MediumEntity.swift */; };
		3BA0E50B22218C8B0044F17E /* FormatEntity.swift in Sources */ = {isa = PBXBuildFile; fileRef = 3BA0E50A22218C8B0044F17E /* FormatEntity.swift */; };
		3BA0E50D222197810044F17E /* UserAPI.swift in Sources */ = {isa = PBXBuildFile; fileRef = 3BA0E50C222197810044F17E /* UserAPI.swift */; };
		3BA0E5392221ABC40044F17E /* TokenEntity.swift in Sources */ = {isa = PBXBuildFile; fileRef = 3BE5349B221FB23300C8AEDD /* TokenEntity.swift */; };
		3BA0E53A2221ABCF0044F17E /* LoginRouter.swift in Sources */ = {isa = PBXBuildFile; fileRef = 3BA0E4EC222177330044F17E /* LoginRouter.swift */; };
		3BA0E53B2221ABD70044F17E /* MapPresenter.swift in Sources */ = {isa = PBXBuildFile; fileRef = 3BA0E4F3222187780044F17E /* MapPresenter.swift */; };
		3BA0E53C2221ABDF0044F17E /* Transitioner.swift in Sources */ = {isa = PBXBuildFile; fileRef = 3BA0E4EA222175850044F17E /* Transitioner.swift */; };
		3BA0E53D2221ABE90044F17E /* CatalogDataStore.swift in Sources */ = {isa = PBXBuildFile; fileRef = 3BA0E4FF222189330044F17E /* CatalogDataStore.swift */; };
		3BA0E53E2221ABEC0044F17E /* RecordDataStore.swift in Sources */ = {isa = PBXBuildFile; fileRef = 3BA0E4FD2221892C0044F17E /* RecordDataStore.swift */; };
		3BA0E53F2221ABEF0044F17E /* MediumDataStore.swift in Sources */ = {isa = PBXBuildFile; fileRef = 3BA0E5012221893A0044F17E /* MediumDataStore.swift */; };
		3BA0E5402221ABF40044F17E /* UserAPI.swift in Sources */ = {isa = PBXBuildFile; fileRef = 3BA0E50C222197810044F17E /* UserAPI.swift */; };
		3BA0E5412221ABF90044F17E /* RecordEntity.swift in Sources */ = {isa = PBXBuildFile; fileRef = 3BA0E50422218A480044F17E /* RecordEntity.swift */; };
		3BA0E5422221ABFC0044F17E /* CatalogEntity.swift in Sources */ = {isa = PBXBuildFile; fileRef = 3BA0E50622218A550044F17E /* CatalogEntity.swift */; };
		3BA0E5432221ABFF0044F17E /* FormatEntity.swift in Sources */ = {isa = PBXBuildFile; fileRef = 3BA0E50A22218C8B0044F17E /* FormatEntity.swift */; };
		3BA0E5442221AC010044F17E /* MediumEntity.swift in Sources */ = {isa = PBXBuildFile; fileRef = 3BA0E50822218A620044F17E /* MediumEntity.swift */; };
		3BA0E5452221AC0B0044F17E /* MapUseCase.swift in Sources */ = {isa = PBXBuildFile; fileRef = 3BA0E4F5222187EB0044F17E /* MapUseCase.swift */; };
		3BA0E5462221AC0F0044F17E /* RecordRepository.swift in Sources */ = {isa = PBXBuildFile; fileRef = 3BA0E4F7222188A30044F17E /* RecordRepository.swift */; };
		3BA0E5472221AC120044F17E /* CatalogRepository.swift in Sources */ = {isa = PBXBuildFile; fileRef = 3BA0E4F9222188AD0044F17E /* CatalogRepository.swift */; };
		3BA0E5482221AC140044F17E /* MediumRepository.swift in Sources */ = {isa = PBXBuildFile; fileRef = 3BA0E4FB222188B30044F17E /* MediumRepository.swift */; };
		3BA0E54A2221B6E50044F17E /* RecordAPI.swift in Sources */ = {isa = PBXBuildFile; fileRef = 3BA0E5492221B6E50044F17E /* RecordAPI.swift */; };
		3BA0E54C2221B6ED0044F17E /* CatalogAPI.swift in Sources */ = {isa = PBXBuildFile; fileRef = 3BA0E54B2221B6ED0044F17E /* CatalogAPI.swift */; };
		3BA0E54E2221B6F70044F17E /* MediumAPI.swift in Sources */ = {isa = PBXBuildFile; fileRef = 3BA0E54D2221B6F70044F17E /* MediumAPI.swift */; };
		3BA0E5502221B9700044F17E /* AuthPlugin.swift in Sources */ = {isa = PBXBuildFile; fileRef = 3BA0E54F2221B9700044F17E /* AuthPlugin.swift */; };
		3BA0E5522221C1BB0044F17E /* UserEntity.swift in Sources */ = {isa = PBXBuildFile; fileRef = 3BA0E5512221C1BB0044F17E /* UserEntity.swift */; };
		3BA0E5532221C5D60044F17E /* UserEntity.swift in Sources */ = {isa = PBXBuildFile; fileRef = 3BA0E5512221C1BB0044F17E /* UserEntity.swift */; };
		3BA0E5542221C5E00044F17E /* AuthPlugin.swift in Sources */ = {isa = PBXBuildFile; fileRef = 3BA0E54F2221B9700044F17E /* AuthPlugin.swift */; };
		3BA0E5552221C5ED0044F17E /* RecordAPI.swift in Sources */ = {isa = PBXBuildFile; fileRef = 3BA0E5492221B6E50044F17E /* RecordAPI.swift */; };
		3BA0E5562221C5F20044F17E /* CatalogAPI.swift in Sources */ = {isa = PBXBuildFile; fileRef = 3BA0E54B2221B6ED0044F17E /* CatalogAPI.swift */; };
		3BA0E5572221C5F60044F17E /* MediumAPI.swift in Sources */ = {isa = PBXBuildFile; fileRef = 3BA0E54D2221B6F70044F17E /* MediumAPI.swift */; };
		3BA0E565222273730044F17E /* Translator.swift in Sources */ = {isa = PBXBuildFile; fileRef = 3BA0E564222273730044F17E /* Translator.swift */; };
		3BA0E567222273860044F17E /* RecordTranslator.swift in Sources */ = {isa = PBXBuildFile; fileRef = 3BA0E566222273860044F17E /* RecordTranslator.swift */; };
		3BA0E5692222792D0044F17E /* RecordModel.swift in Sources */ = {isa = PBXBuildFile; fileRef = 3BA0E5682222792D0044F17E /* RecordModel.swift */; };
		3BA0E56D22227E060044F17E /* MediaModel.swift in Sources */ = {isa = PBXBuildFile; fileRef = 3BA0E56C22227E060044F17E /* MediaModel.swift */; };
		3BA0E572222290340044F17E /* RecordViewModel.swift in Sources */ = {isa = PBXBuildFile; fileRef = 3BA0E571222290340044F17E /* RecordViewModel.swift */; };
		3BA0E5772222DD1D0044F17E /* MapRouter.swift in Sources */ = {isa = PBXBuildFile; fileRef = 3BA0E5762222DD1D0044F17E /* MapRouter.swift */; };
		3BA0E5792222DE490044F17E /* ARPresenter.swift in Sources */ = {isa = PBXBuildFile; fileRef = 3BA0E5782222DE490044F17E /* ARPresenter.swift */; };
		3BA0E57B2222DE530044F17E /* ARViewController.swift in Sources */ = {isa = PBXBuildFile; fileRef = 3BA0E57A2222DE530044F17E /* ARViewController.swift */; };
		3BA0E57D2222DE610044F17E /* ARViewController.storyboard in Resources */ = {isa = PBXBuildFile; fileRef = 3BA0E57C2222DE610044F17E /* ARViewController.storyboard */; };
		3BA0E57F2222DF0D0044F17E /* ARUseCase.swift in Sources */ = {isa = PBXBuildFile; fileRef = 3BA0E57E2222DF0D0044F17E /* ARUseCase.swift */; };
		3BA0E5812222E4E40044F17E /* ARRouter.swift in Sources */ = {isa = PBXBuildFile; fileRef = 3BA0E5802222E4E40044F17E /* ARRouter.swift */; };
		3BBF93E2222D1D1700E23CD1 /* Alamofire.framework in Frameworks */ = {isa = PBXBuildFile; fileRef = 3BBF93E1222D1D1700E23CD1 /* Alamofire.framework */; };
		3BBF93E6222D1D4F00E23CD1 /* ARCL.framework in Frameworks */ = {isa = PBXBuildFile; fileRef = 3BBF93E5222D1D4F00E23CD1 /* ARCL.framework */; };
		3BBF93F0222D1D7100E23CD1 /* Swinject.framework in Frameworks */ = {isa = PBXBuildFile; fileRef = 3BBF93E7222D1D7000E23CD1 /* Swinject.framework */; };
		3BBF93F1222D1D7100E23CD1 /* RxSwift.framework in Frameworks */ = {isa = PBXBuildFile; fileRef = 3BBF93E8222D1D7100E23CD1 /* RxSwift.framework */; };
		3BBF93F2222D1D7100E23CD1 /* SwinjectStoryboard.framework in Frameworks */ = {isa = PBXBuildFile; fileRef = 3BBF93E9222D1D7100E23CD1 /* SwinjectStoryboard.framework */; };
		3BBF93F3222D1D7100E23CD1 /* RxCocoa.framework in Frameworks */ = {isa = PBXBuildFile; fileRef = 3BBF93EA222D1D7100E23CD1 /* RxCocoa.framework */; };
		3BBF93F4222D1D7100E23CD1 /* RxBlocking.framework in Frameworks */ = {isa = PBXBuildFile; fileRef = 3BBF93EB222D1D7100E23CD1 /* RxBlocking.framework */; };
		3BBF93F5222D1D7100E23CD1 /* Moya.framework in Frameworks */ = {isa = PBXBuildFile; fileRef = 3BBF93EC222D1D7100E23CD1 /* Moya.framework */; };
		3BBF93F6222D1D7100E23CD1 /* RxAtomic.framework in Frameworks */ = {isa = PBXBuildFile; fileRef = 3BBF93ED222D1D7100E23CD1 /* RxAtomic.framework */; };
		3BBF93F7222D1D7100E23CD1 /* RxMoya.framework in Frameworks */ = {isa = PBXBuildFile; fileRef = 3BBF93EE222D1D7100E23CD1 /* RxMoya.framework */; };
		3BBF93F8222D1D7100E23CD1 /* Result.framework in Frameworks */ = {isa = PBXBuildFile; fileRef = 3BBF93EF222D1D7100E23CD1 /* Result.framework */; };
		3BBF93F9222D1D7800E23CD1 /* Moya.framework in Frameworks */ = {isa = PBXBuildFile; fileRef = 3BBF93EC222D1D7100E23CD1 /* Moya.framework */; };
		3BBF93FA222D1D7800E23CD1 /* Moya.framework in Embed Frameworks */ = {isa = PBXBuildFile; fileRef = 3BBF93EC222D1D7100E23CD1 /* Moya.framework */; settings = {ATTRIBUTES = (CodeSignOnCopy, RemoveHeadersOnCopy, ); }; };
		3BBF93FB222D1D7800E23CD1 /* Result.framework in Frameworks */ = {isa = PBXBuildFile; fileRef = 3BBF93EF222D1D7100E23CD1 /* Result.framework */; };
		3BBF93FC222D1D7800E23CD1 /* Result.framework in Embed Frameworks */ = {isa = PBXBuildFile; fileRef = 3BBF93EF222D1D7100E23CD1 /* Result.framework */; settings = {ATTRIBUTES = (CodeSignOnCopy, RemoveHeadersOnCopy, ); }; };
		3BBF93FD222D1D7800E23CD1 /* RxAtomic.framework in Frameworks */ = {isa = PBXBuildFile; fileRef = 3BBF93ED222D1D7100E23CD1 /* RxAtomic.framework */; };
		3BBF93FE222D1D7800E23CD1 /* RxAtomic.framework in Embed Frameworks */ = {isa = PBXBuildFile; fileRef = 3BBF93ED222D1D7100E23CD1 /* RxAtomic.framework */; settings = {ATTRIBUTES = (CodeSignOnCopy, RemoveHeadersOnCopy, ); }; };
		3BBF93FF222D1D7800E23CD1 /* RxBlocking.framework in Frameworks */ = {isa = PBXBuildFile; fileRef = 3BBF93EB222D1D7100E23CD1 /* RxBlocking.framework */; };
		3BBF9400222D1D7800E23CD1 /* RxBlocking.framework in Embed Frameworks */ = {isa = PBXBuildFile; fileRef = 3BBF93EB222D1D7100E23CD1 /* RxBlocking.framework */; settings = {ATTRIBUTES = (CodeSignOnCopy, RemoveHeadersOnCopy, ); }; };
		3BBF9401222D1D7800E23CD1 /* RxCocoa.framework in Frameworks */ = {isa = PBXBuildFile; fileRef = 3BBF93EA222D1D7100E23CD1 /* RxCocoa.framework */; };
		3BBF9402222D1D7800E23CD1 /* RxCocoa.framework in Embed Frameworks */ = {isa = PBXBuildFile; fileRef = 3BBF93EA222D1D7100E23CD1 /* RxCocoa.framework */; settings = {ATTRIBUTES = (CodeSignOnCopy, RemoveHeadersOnCopy, ); }; };
		3BBF9403222D1D7900E23CD1 /* RxMoya.framework in Frameworks */ = {isa = PBXBuildFile; fileRef = 3BBF93EE222D1D7100E23CD1 /* RxMoya.framework */; };
		3BBF9404222D1D7900E23CD1 /* RxMoya.framework in Embed Frameworks */ = {isa = PBXBuildFile; fileRef = 3BBF93EE222D1D7100E23CD1 /* RxMoya.framework */; settings = {ATTRIBUTES = (CodeSignOnCopy, RemoveHeadersOnCopy, ); }; };
		3BBF9405222D1D7900E23CD1 /* RxSwift.framework in Frameworks */ = {isa = PBXBuildFile; fileRef = 3BBF93E8222D1D7100E23CD1 /* RxSwift.framework */; };
		3BBF9406222D1D7900E23CD1 /* RxSwift.framework in Embed Frameworks */ = {isa = PBXBuildFile; fileRef = 3BBF93E8222D1D7100E23CD1 /* RxSwift.framework */; settings = {ATTRIBUTES = (CodeSignOnCopy, RemoveHeadersOnCopy, ); }; };
		3BBF9407222D1D7900E23CD1 /* Swinject.framework in Frameworks */ = {isa = PBXBuildFile; fileRef = 3BBF93E7222D1D7000E23CD1 /* Swinject.framework */; };
		3BBF9408222D1D7900E23CD1 /* Swinject.framework in Embed Frameworks */ = {isa = PBXBuildFile; fileRef = 3BBF93E7222D1D7000E23CD1 /* Swinject.framework */; settings = {ATTRIBUTES = (CodeSignOnCopy, RemoveHeadersOnCopy, ); }; };
		3BBF9409222D1D7900E23CD1 /* SwinjectStoryboard.framework in Frameworks */ = {isa = PBXBuildFile; fileRef = 3BBF93E9222D1D7100E23CD1 /* SwinjectStoryboard.framework */; };
		3BBF940A222D1D7900E23CD1 /* SwinjectStoryboard.framework in Embed Frameworks */ = {isa = PBXBuildFile; fileRef = 3BBF93E9222D1D7100E23CD1 /* SwinjectStoryboard.framework */; settings = {ATTRIBUTES = (CodeSignOnCopy, RemoveHeadersOnCopy, ); }; };
		3BBF940B222D1D7900E23CD1 /* ARCL.framework in Frameworks */ = {isa = PBXBuildFile; fileRef = 3BBF93E5222D1D4F00E23CD1 /* ARCL.framework */; };
		3BBF940C222D1D7900E23CD1 /* ARCL.framework in Embed Frameworks */ = {isa = PBXBuildFile; fileRef = 3BBF93E5222D1D4F00E23CD1 /* ARCL.framework */; settings = {ATTRIBUTES = (CodeSignOnCopy, RemoveHeadersOnCopy, ); }; };
		3BBF940D222D1D7900E23CD1 /* Alamofire.framework in Frameworks */ = {isa = PBXBuildFile; fileRef = 3BBF93E1222D1D1700E23CD1 /* Alamofire.framework */; };
		3BBF940E222D1D7900E23CD1 /* Alamofire.framework in Embed Frameworks */ = {isa = PBXBuildFile; fileRef = 3BBF93E1222D1D1700E23CD1 /* Alamofire.framework */; settings = {ATTRIBUTES = (CodeSignOnCopy, RemoveHeadersOnCopy, ); }; };
		3BE53468221FB11700C8AEDD /* AppDelegate.swift in Sources */ = {isa = PBXBuildFile; fileRef = 3BE53467221FB11700C8AEDD /* AppDelegate.swift */; };
		3BE5346A221FB11700C8AEDD /* LoginViewController.swift in Sources */ = {isa = PBXBuildFile; fileRef = 3BE53469221FB11700C8AEDD /* LoginViewController.swift */; };
		3BE5346D221FB11700C8AEDD /* LoginViewController.storyboard in Resources */ = {isa = PBXBuildFile; fileRef = 3BE5346B221FB11700C8AEDD /* LoginViewController.storyboard */; };
		3BE5346F221FB11800C8AEDD /* Assets.xcassets in Resources */ = {isa = PBXBuildFile; fileRef = 3BE5346E221FB11800C8AEDD /* Assets.xcassets */; };
		3BE53472221FB11800C8AEDD /* LaunchScreen.storyboard in Resources */ = {isa = PBXBuildFile; fileRef = 3BE53470221FB11800C8AEDD /* LaunchScreen.storyboard */; };
		3BE5347D221FB11800C8AEDD /* IkimonGOTests.swift in Sources */ = {isa = PBXBuildFile; fileRef = 3BE5347C221FB11800C8AEDD /* IkimonGOTests.swift */; };
		3BE53488221FB11800C8AEDD /* IkimonGOUITests.swift in Sources */ = {isa = PBXBuildFile; fileRef = 3BE53487221FB11800C8AEDD /* IkimonGOUITests.swift */; };
		3BE53496221FB20D00C8AEDD /* LoginPresenter.swift in Sources */ = {isa = PBXBuildFile; fileRef = 3BE53495221FB20D00C8AEDD /* LoginPresenter.swift */; };
		3BE53497221FB20D00C8AEDD /* LoginPresenter.swift in Sources */ = {isa = PBXBuildFile; fileRef = 3BE53495221FB20D00C8AEDD /* LoginPresenter.swift */; };
		3BE53499221FB21900C8AEDD /* LoginUseCase.swift in Sources */ = {isa = PBXBuildFile; fileRef = 3BE53498221FB21900C8AEDD /* LoginUseCase.swift */; };
		3BE5349A221FB21900C8AEDD /* LoginUseCase.swift in Sources */ = {isa = PBXBuildFile; fileRef = 3BE53498221FB21900C8AEDD /* LoginUseCase.swift */; };
		3BE5349C221FB23300C8AEDD /* TokenEntity.swift in Sources */ = {isa = PBXBuildFile; fileRef = 3BE5349B221FB23300C8AEDD /* TokenEntity.swift */; };
		3BE534A2221FBA9D00C8AEDD /* LoginRepository.swift in Sources */ = {isa = PBXBuildFile; fileRef = 3BE534A1221FBA9D00C8AEDD /* LoginRepository.swift */; };
		3BE534A3221FBA9D00C8AEDD /* LoginRepository.swift in Sources */ = {isa = PBXBuildFile; fileRef = 3BE534A1221FBA9D00C8AEDD /* LoginRepository.swift */; };
		3BE534A5221FBBBF00C8AEDD /* APIClient.swift in Sources */ = {isa = PBXBuildFile; fileRef = 3BE534A4221FBBBF00C8AEDD /* APIClient.swift */; };
		3BE534A6221FBBBF00C8AEDD /* APIClient.swift in Sources */ = {isa = PBXBuildFile; fileRef = 3BE534A4221FBBBF00C8AEDD /* APIClient.swift */; };
		3BE534AB2221254300C8AEDD /* LoginViewController.swift in Sources */ = {isa = PBXBuildFile; fileRef = 3BE53469221FB11700C8AEDD /* LoginViewController.swift */; };
		3BE534BB22214D3E00C8AEDD /* LoginDataStore.swift in Sources */ = {isa = PBXBuildFile; fileRef = 3BE534BA22214D3E00C8AEDD /* LoginDataStore.swift */; };
		3BE534BC22214D3E00C8AEDD /* LoginDataStore.swift in Sources */ = {isa = PBXBuildFile; fileRef = 3BE534BA22214D3E00C8AEDD /* LoginDataStore.swift */; };
/* End PBXBuildFile section */

/* Begin PBXContainerItemProxy section */
		3BE53479221FB11800C8AEDD /* PBXContainerItemProxy */ = {
			isa = PBXContainerItemProxy;
			containerPortal = 3BE5345C221FB11700C8AEDD /* Project object */;
			proxyType = 1;
			remoteGlobalIDString = 3BE53463221FB11700C8AEDD;
			remoteInfo = IkimonGO;
		};
		3BE53484221FB11800C8AEDD /* PBXContainerItemProxy */ = {
			isa = PBXContainerItemProxy;
			containerPortal = 3BE5345C221FB11700C8AEDD /* Project object */;
			proxyType = 1;
			remoteGlobalIDString = 3BE53463221FB11700C8AEDD;
			remoteInfo = IkimonGO;
		};
/* End PBXContainerItemProxy section */

/* Begin PBXCopyFilesBuildPhase section */
		3BE534B52221273900C8AEDD /* Embed Frameworks */ = {
			isa = PBXCopyFilesBuildPhase;
			buildActionMask = 2147483647;
			dstPath = "";
			dstSubfolderSpec = 10;
			files = (
				3BBF93FA222D1D7800E23CD1 /* Moya.framework in Embed Frameworks */,
				3BBF93FC222D1D7800E23CD1 /* Result.framework in Embed Frameworks */,
				3BBF9406222D1D7900E23CD1 /* RxSwift.framework in Embed Frameworks */,
				3BBF9404222D1D7900E23CD1 /* RxMoya.framework in Embed Frameworks */,
				3BBF93FE222D1D7800E23CD1 /* RxAtomic.framework in Embed Frameworks */,
				3BBF940A222D1D7900E23CD1 /* SwinjectStoryboard.framework in Embed Frameworks */,
				3BBF9408222D1D7900E23CD1 /* Swinject.framework in Embed Frameworks */,
				3BBF940E222D1D7900E23CD1 /* Alamofire.framework in Embed Frameworks */,
				3BBF9402222D1D7800E23CD1 /* RxCocoa.framework in Embed Frameworks */,
				3BBF940C222D1D7900E23CD1 /* ARCL.framework in Embed Frameworks */,
				3BBF9400222D1D7800E23CD1 /* RxBlocking.framework in Embed Frameworks */,
			);
			name = "Embed Frameworks";
			runOnlyForDeploymentPostprocessing = 0;
		};
/* End PBXCopyFilesBuildPhase section */

/* Begin PBXFileReference section */
		3BA0E4EA222175850044F17E /* Transitioner.swift */ = {isa = PBXFileReference; lastKnownFileType = sourcecode.swift; path = Transitioner.swift; sourceTree = "<group>"; };
		3BA0E4EC222177330044F17E /* LoginRouter.swift */ = {isa = PBXFileReference; lastKnownFileType = sourcecode.swift; path = LoginRouter.swift; sourceTree = "<group>"; };
		3BA0E4EE222186ED0044F17E /* MapViewController.swift */ = {isa = PBXFileReference; lastKnownFileType = sourcecode.swift; path = MapViewController.swift; sourceTree = "<group>"; };
		3BA0E4F1222186FF0044F17E /* MapViewController.storyboard */ = {isa = PBXFileReference; lastKnownFileType = file.storyboard; path = MapViewController.storyboard; sourceTree = "<group>"; };
		3BA0E4F3222187780044F17E /* MapPresenter.swift */ = {isa = PBXFileReference; lastKnownFileType = sourcecode.swift; path = MapPresenter.swift; sourceTree = "<group>"; };
		3BA0E4F5222187EB0044F17E /* MapUseCase.swift */ = {isa = PBXFileReference; lastKnownFileType = sourcecode.swift; path = MapUseCase.swift; sourceTree = "<group>"; };
		3BA0E4F7222188A30044F17E /* RecordRepository.swift */ = {isa = PBXFileReference; lastKnownFileType = sourcecode.swift; path = RecordRepository.swift; sourceTree = "<group>"; };
		3BA0E4F9222188AD0044F17E /* CatalogRepository.swift */ = {isa = PBXFileReference; lastKnownFileType = sourcecode.swift; path = CatalogRepository.swift; sourceTree = "<group>"; };
		3BA0E4FB222188B30044F17E /* MediumRepository.swift */ = {isa = PBXFileReference; lastKnownFileType = sourcecode.swift; path = MediumRepository.swift; sourceTree = "<group>"; };
		3BA0E4FD2221892C0044F17E /* RecordDataStore.swift */ = {isa = PBXFileReference; lastKnownFileType = sourcecode.swift; path = RecordDataStore.swift; sourceTree = "<group>"; };
		3BA0E4FF222189330044F17E /* CatalogDataStore.swift */ = {isa = PBXFileReference; lastKnownFileType = sourcecode.swift; path = CatalogDataStore.swift; sourceTree = "<group>"; };
		3BA0E5012221893A0044F17E /* MediumDataStore.swift */ = {isa = PBXFileReference; lastKnownFileType = sourcecode.swift; path = MediumDataStore.swift; sourceTree = "<group>"; };
		3BA0E50422218A480044F17E /* RecordEntity.swift */ = {isa = PBXFileReference; lastKnownFileType = sourcecode.swift; path = RecordEntity.swift; sourceTree = "<group>"; };
		3BA0E50622218A550044F17E /* CatalogEntity.swift */ = {isa = PBXFileReference; lastKnownFileType = sourcecode.swift; path = CatalogEntity.swift; sourceTree = "<group>"; };
		3BA0E50822218A620044F17E /* MediumEntity.swift */ = {isa = PBXFileReference; lastKnownFileType = sourcecode.swift; path = MediumEntity.swift; sourceTree = "<group>"; };
		3BA0E50A22218C8B0044F17E /* FormatEntity.swift */ = {isa = PBXFileReference; lastKnownFileType = sourcecode.swift; path = FormatEntity.swift; sourceTree = "<group>"; };
		3BA0E50C222197810044F17E /* UserAPI.swift */ = {isa = PBXFileReference; lastKnownFileType = sourcecode.swift; path = UserAPI.swift; sourceTree = "<group>"; };
		3BA0E5492221B6E50044F17E /* RecordAPI.swift */ = {isa = PBXFileReference; lastKnownFileType = sourcecode.swift; path = RecordAPI.swift; sourceTree = "<group>"; };
		3BA0E54B2221B6ED0044F17E /* CatalogAPI.swift */ = {isa = PBXFileReference; lastKnownFileType = sourcecode.swift; path = CatalogAPI.swift; sourceTree = "<group>"; };
		3BA0E54D2221B6F70044F17E /* MediumAPI.swift */ = {isa = PBXFileReference; lastKnownFileType = sourcecode.swift; path = MediumAPI.swift; sourceTree = "<group>"; };
		3BA0E54F2221B9700044F17E /* AuthPlugin.swift */ = {isa = PBXFileReference; lastKnownFileType = sourcecode.swift; path = AuthPlugin.swift; sourceTree = "<group>"; };
		3BA0E5512221C1BB0044F17E /* UserEntity.swift */ = {isa = PBXFileReference; lastKnownFileType = sourcecode.swift; path = UserEntity.swift; sourceTree = "<group>"; };
		3BA0E564222273730044F17E /* Translator.swift */ = {isa = PBXFileReference; lastKnownFileType = sourcecode.swift; path = Translator.swift; sourceTree = "<group>"; };
		3BA0E566222273860044F17E /* RecordTranslator.swift */ = {isa = PBXFileReference; lastKnownFileType = sourcecode.swift; path = RecordTranslator.swift; sourceTree = "<group>"; };
		3BA0E5682222792D0044F17E /* RecordModel.swift */ = {isa = PBXFileReference; lastKnownFileType = sourcecode.swift; path = RecordModel.swift; sourceTree = "<group>"; };
		3BA0E56C22227E060044F17E /* MediaModel.swift */ = {isa = PBXFileReference; lastKnownFileType = sourcecode.swift; path = MediaModel.swift; sourceTree = "<group>"; };
		3BA0E571222290340044F17E /* RecordViewModel.swift */ = {isa = PBXFileReference; lastKnownFileType = sourcecode.swift; path = RecordViewModel.swift; sourceTree = "<group>"; };
		3BA0E5762222DD1D0044F17E /* MapRouter.swift */ = {isa = PBXFileReference; lastKnownFileType = sourcecode.swift; path = MapRouter.swift; sourceTree = "<group>"; };
		3BA0E5782222DE490044F17E /* ARPresenter.swift */ = {isa = PBXFileReference; lastKnownFileType = sourcecode.swift; path = ARPresenter.swift; sourceTree = "<group>"; };
		3BA0E57A2222DE530044F17E /* ARViewController.swift */ = {isa = PBXFileReference; lastKnownFileType = sourcecode.swift; path = ARViewController.swift; sourceTree = "<group>"; };
		3BA0E57C2222DE610044F17E /* ARViewController.storyboard */ = {isa = PBXFileReference; lastKnownFileType = file.storyboard; path = ARViewController.storyboard; sourceTree = "<group>"; };
		3BA0E57E2222DF0D0044F17E /* ARUseCase.swift */ = {isa = PBXFileReference; lastKnownFileType = sourcecode.swift; path = ARUseCase.swift; sourceTree = "<group>"; };
		3BA0E5802222E4E40044F17E /* ARRouter.swift */ = {isa = PBXFileReference; lastKnownFileType = sourcecode.swift; path = ARRouter.swift; sourceTree = "<group>"; };
		3BBF93E1222D1D1700E23CD1 /* Alamofire.framework */ = {isa = PBXFileReference; lastKnownFileType = wrapper.framework; name = Alamofire.framework; path = Carthage/Build/iOS/Alamofire.framework; sourceTree = "<group>"; };
		3BBF93E5222D1D4F00E23CD1 /* ARCL.framework */ = {isa = PBXFileReference; lastKnownFileType = wrapper.framework; name = ARCL.framework; path = Carthage/Build/iOS/ARCL.framework; sourceTree = "<group>"; };
		3BBF93E7222D1D7000E23CD1 /* Swinject.framework */ = {isa = PBXFileReference; lastKnownFileType = wrapper.framework; name = Swinject.framework; path = Carthage/Build/iOS/Swinject.framework; sourceTree = "<group>"; };
		3BBF93E8222D1D7100E23CD1 /* RxSwift.framework */ = {isa = PBXFileReference; lastKnownFileType = wrapper.framework; name = RxSwift.framework; path = Carthage/Build/iOS/RxSwift.framework; sourceTree = "<group>"; };
		3BBF93E9222D1D7100E23CD1 /* SwinjectStoryboard.framework */ = {isa = PBXFileReference; lastKnownFileType = wrapper.framework; name = SwinjectStoryboard.framework; path = Carthage/Build/iOS/SwinjectStoryboard.framework; sourceTree = "<group>"; };
		3BBF93EA222D1D7100E23CD1 /* RxCocoa.framework */ = {isa = PBXFileReference; lastKnownFileType = wrapper.framework; name = RxCocoa.framework; path = Carthage/Build/iOS/RxCocoa.framework; sourceTree = "<group>"; };
		3BBF93EB222D1D7100E23CD1 /* RxBlocking.framework */ = {isa = PBXFileReference; lastKnownFileType = wrapper.framework; name = RxBlocking.framework; path = Carthage/Build/iOS/RxBlocking.framework; sourceTree = "<group>"; };
		3BBF93EC222D1D7100E23CD1 /* Moya.framework */ = {isa = PBXFileReference; lastKnownFileType = wrapper.framework; name = Moya.framework; path = Carthage/Build/iOS/Moya.framework; sourceTree = "<group>"; };
		3BBF93ED222D1D7100E23CD1 /* RxAtomic.framework */ = {isa = PBXFileReference; lastKnownFileType = wrapper.framework; name = RxAtomic.framework; path = Carthage/Build/iOS/RxAtomic.framework; sourceTree = "<group>"; };
		3BBF93EE222D1D7100E23CD1 /* RxMoya.framework */ = {isa = PBXFileReference; lastKnownFileType = wrapper.framework; name = RxMoya.framework; path = Carthage/Build/iOS/RxMoya.framework; sourceTree = "<group>"; };
		3BBF93EF222D1D7100E23CD1 /* Result.framework */ = {isa = PBXFileReference; lastKnownFileType = wrapper.framework; name = Result.framework; path = Carthage/Build/iOS/Result.framework; sourceTree = "<group>"; };
		3BE53464221FB11700C8AEDD /* IkimonGO.app */ = {isa = PBXFileReference; explicitFileType = wrapper.application; includeInIndex = 0; path = IkimonGO.app; sourceTree = BUILT_PRODUCTS_DIR; };
		3BE53467221FB11700C8AEDD /* AppDelegate.swift */ = {isa = PBXFileReference; lastKnownFileType = sourcecode.swift; path = AppDelegate.swift; sourceTree = "<group>"; };
		3BE53469221FB11700C8AEDD /* LoginViewController.swift */ = {isa = PBXFileReference; lastKnownFileType = sourcecode.swift; path = LoginViewController.swift; sourceTree = "<group>"; };
		3BE5346C221FB11700C8AEDD /* Base */ = {isa = PBXFileReference; lastKnownFileType = file.storyboard; name = Base; path = Base.lproj/LoginViewController.storyboard; sourceTree = "<group>"; };
		3BE5346E221FB11800C8AEDD /* Assets.xcassets */ = {isa = PBXFileReference; lastKnownFileType = folder.assetcatalog; path = Assets.xcassets; sourceTree = "<group>"; };
		3BE53471221FB11800C8AEDD /* Base */ = {isa = PBXFileReference; lastKnownFileType = file.storyboard; name = Base; path = Base.lproj/LaunchScreen.storyboard; sourceTree = "<group>"; };
		3BE53473221FB11800C8AEDD /* Info.plist */ = {isa = PBXFileReference; lastKnownFileType = text.plist.xml; path = Info.plist; sourceTree = "<group>"; };
		3BE53478221FB11800C8AEDD /* IkimonGOTests.xctest */ = {isa = PBXFileReference; explicitFileType = wrapper.cfbundle; includeInIndex = 0; path = IkimonGOTests.xctest; sourceTree = BUILT_PRODUCTS_DIR; };
		3BE5347C221FB11800C8AEDD /* IkimonGOTests.swift */ = {isa = PBXFileReference; lastKnownFileType = sourcecode.swift; path = IkimonGOTests.swift; sourceTree = "<group>"; };
		3BE5347E221FB11800C8AEDD /* Info.plist */ = {isa = PBXFileReference; lastKnownFileType = text.plist.xml; path = Info.plist; sourceTree = "<group>"; };
		3BE53483221FB11800C8AEDD /* IkimonGOUITests.xctest */ = {isa = PBXFileReference; explicitFileType = wrapper.cfbundle; includeInIndex = 0; path = IkimonGOUITests.xctest; sourceTree = BUILT_PRODUCTS_DIR; };
		3BE53487221FB11800C8AEDD /* IkimonGOUITests.swift */ = {isa = PBXFileReference; lastKnownFileType = sourcecode.swift; path = IkimonGOUITests.swift; sourceTree = "<group>"; };
		3BE53489221FB11800C8AEDD /* Info.plist */ = {isa = PBXFileReference; lastKnownFileType = text.plist.xml; path = Info.plist; sourceTree = "<group>"; };
		3BE53495221FB20D00C8AEDD /* LoginPresenter.swift */ = {isa = PBXFileReference; lastKnownFileType = sourcecode.swift; path = LoginPresenter.swift; sourceTree = "<group>"; };
		3BE53498221FB21900C8AEDD /* LoginUseCase.swift */ = {isa = PBXFileReference; lastKnownFileType = sourcecode.swift; path = LoginUseCase.swift; sourceTree = "<group>"; };
		3BE5349B221FB23300C8AEDD /* TokenEntity.swift */ = {isa = PBXFileReference; lastKnownFileType = sourcecode.swift; path = TokenEntity.swift; sourceTree = "<group>"; };
		3BE534A1221FBA9D00C8AEDD /* LoginRepository.swift */ = {isa = PBXFileReference; lastKnownFileType = sourcecode.swift; path = LoginRepository.swift; sourceTree = "<group>"; };
		3BE534A4221FBBBF00C8AEDD /* APIClient.swift */ = {isa = PBXFileReference; lastKnownFileType = sourcecode.swift; path = APIClient.swift; sourceTree = "<group>"; };
		3BE534BA22214D3E00C8AEDD /* LoginDataStore.swift */ = {isa = PBXFileReference; lastKnownFileType = sourcecode.swift; path = LoginDataStore.swift; sourceTree = "<group>"; };
/* End PBXFileReference section */

/* Begin PBXFrameworksBuildPhase section */
		3BE53461221FB11700C8AEDD /* Frameworks */ = {
			isa = PBXFrameworksBuildPhase;
			buildActionMask = 2147483647;
			files = (
				3BBF9409222D1D7900E23CD1 /* SwinjectStoryboard.framework in Frameworks */,
				3BBF93F7222D1D7100E23CD1 /* RxMoya.framework in Frameworks */,
				3BBF93F8222D1D7100E23CD1 /* Result.framework in Frameworks */,
				3BBF9405222D1D7900E23CD1 /* RxSwift.framework in Frameworks */,
				3BBF93F5222D1D7100E23CD1 /* Moya.framework in Frameworks */,
				3BBF9407222D1D7900E23CD1 /* Swinject.framework in Frameworks */,
				3BBF93F4222D1D7100E23CD1 /* RxBlocking.framework in Frameworks */,
				3BBF940D222D1D7900E23CD1 /* Alamofire.framework in Frameworks */,
				3BBF940B222D1D7900E23CD1 /* ARCL.framework in Frameworks */,
				3BBF93F9222D1D7800E23CD1 /* Moya.framework in Frameworks */,
				3BBF93F3222D1D7100E23CD1 /* RxCocoa.framework in Frameworks */,
				3BBF93F2222D1D7100E23CD1 /* SwinjectStoryboard.framework in Frameworks */,
				3BBF93FB222D1D7800E23CD1 /* Result.framework in Frameworks */,
				3BBF93F1222D1D7100E23CD1 /* RxSwift.framework in Frameworks */,
				3BBF93F0222D1D7100E23CD1 /* Swinject.framework in Frameworks */,
				3BBF93E6222D1D4F00E23CD1 /* ARCL.framework in Frameworks */,
				3BBF93FF222D1D7800E23CD1 /* RxBlocking.framework in Frameworks */,
				3BBF9401222D1D7800E23CD1 /* RxCocoa.framework in Frameworks */,
				3BBF93FD222D1D7800E23CD1 /* RxAtomic.framework in Frameworks */,
				3BBF93E2222D1D1700E23CD1 /* Alamofire.framework in Frameworks */,
				3BBF93F6222D1D7100E23CD1 /* RxAtomic.framework in Frameworks */,
				3BBF9403222D1D7900E23CD1 /* RxMoya.framework in Frameworks */,
			);
			runOnlyForDeploymentPostprocessing = 0;
		};
		3BE53475221FB11800C8AEDD /* Frameworks */ = {
			isa = PBXFrameworksBuildPhase;
			buildActionMask = 2147483647;
			files = (
			);
			runOnlyForDeploymentPostprocessing = 0;
		};
		3BE53480221FB11800C8AEDD /* Frameworks */ = {
			isa = PBXFrameworksBuildPhase;
			buildActionMask = 2147483647;
			files = (
			);
			runOnlyForDeploymentPostprocessing = 0;
		};
/* End PBXFrameworksBuildPhase section */

/* Begin PBXGroup section */
		3B2FAA882224DF6C00CA8752 /* Entity */ = {
			isa = PBXGroup;
			children = (
				3BA0E50622218A550044F17E /* CatalogEntity.swift */,
				3BA0E50A22218C8B0044F17E /* FormatEntity.swift */,
				3BA0E50822218A620044F17E /* MediumEntity.swift */,
				3BA0E50422218A480044F17E /* RecordEntity.swift */,
				3BE5349B221FB23300C8AEDD /* TokenEntity.swift */,
				3BA0E5512221C1BB0044F17E /* UserEntity.swift */,
			);
			path = Entity;
			sourceTree = "<group>";
		};
		3BA0E558222250020044F17E /* Network */ = {
			isa = PBXGroup;
			children = (
				3BE534A4221FBBBF00C8AEDD /* APIClient.swift */,
				3BA0E54F2221B9700044F17E /* AuthPlugin.swift */,
				3BA0E54B2221B6ED0044F17E /* CatalogAPI.swift */,
				3BA0E54D2221B6F70044F17E /* MediumAPI.swift */,
				3BA0E5492221B6E50044F17E /* RecordAPI.swift */,
				3BA0E50C222197810044F17E /* UserAPI.swift */,
			);
			path = Network;
			sourceTree = "<group>";
		};
		3BA0E559222250260044F17E /* Application */ = {
			isa = PBXGroup;
			children = (
				3BA0E55B222250350044F17E /* Router */,
				3BE53467221FB11700C8AEDD /* AppDelegate.swift */,
			);
			path = Application;
			sourceTree = "<group>";
		};
		3BA0E55B222250350044F17E /* Router */ = {
			isa = PBXGroup;
			children = (
				3BA0E5802222E4E40044F17E /* ARRouter.swift */,
				3BA0E4EC222177330044F17E /* LoginRouter.swift */,
				3BA0E5762222DD1D0044F17E /* MapRouter.swift */,
				3BA0E4EA222175850044F17E /* Transitioner.swift */,
			);
			path = Router;
			sourceTree = "<group>";
		};
		3BA0E55E222250560044F17E /* Presentation */ = {
			isa = PBXGroup;
			children = (
				3BA0E55F222250720044F17E /* Presenter */,
				3BE534AF2221257400C8AEDD /* ViewController */,
				3BA0E5702222901C0044F17E /* ViewModel */,
			);
			path = Presentation;
			sourceTree = "<group>";
		};
		3BA0E55F222250720044F17E /* Presenter */ = {
			isa = PBXGroup;
			children = (
				3BA0E5782222DE490044F17E /* ARPresenter.swift */,
				3BE53495221FB20D00C8AEDD /* LoginPresenter.swift */,
				3BA0E4F3222187780044F17E /* MapPresenter.swift */,
			);
			path = Presenter;
			sourceTree = "<group>";
		};
		3BA0E5602222509A0044F17E /* Repository */ = {
			isa = PBXGroup;
			children = (
				3BA0E4F9222188AD0044F17E /* CatalogRepository.swift */,
				3BE534A1221FBA9D00C8AEDD /* LoginRepository.swift */,
				3BA0E4FB222188B30044F17E /* MediumRepository.swift */,
				3BA0E4F7222188A30044F17E /* RecordRepository.swift */,
			);
			path = Repository;
			sourceTree = "<group>";
		};
		3BA0E561222250B20044F17E /* Model */ = {
			isa = PBXGroup;
			children = (
				3BA0E56C22227E060044F17E /* MediaModel.swift */,
				3BA0E5682222792D0044F17E /* RecordModel.swift */,
			);
			path = Model;
			sourceTree = "<group>";
		};
		3BA0E5632222735A0044F17E /* Translator */ = {
			isa = PBXGroup;
			children = (
				3BA0E566222273860044F17E /* RecordTranslator.swift */,
				3BA0E564222273730044F17E /* Translator.swift */,
			);
			path = Translator;
			sourceTree = "<group>";
		};
		3BA0E5702222901C0044F17E /* ViewModel */ = {
			isa = PBXGroup;
			children = (
				3BA0E571222290340044F17E /* RecordViewModel.swift */,
			);
			path = ViewModel;
			sourceTree = "<group>";
		};
		3BA0E5872222F9670044F17E /* StoryBoard */ = {
			isa = PBXGroup;
			children = (
				3BA0E57C2222DE610044F17E /* ARViewController.storyboard */,
				3BE5346B221FB11700C8AEDD /* LoginViewController.storyboard */,
				3BA0E4F1222186FF0044F17E /* MapViewController.storyboard */,
			);
			path = StoryBoard;
			sourceTree = "<group>";
		};
		3BBF93E0222D1CE900E23CD1 /* Frameworks */ = {
			isa = PBXGroup;
			children = (
				3BBF93EC222D1D7100E23CD1 /* Moya.framework */,
				3BBF93EF222D1D7100E23CD1 /* Result.framework */,
				3BBF93ED222D1D7100E23CD1 /* RxAtomic.framework */,
				3BBF93EB222D1D7100E23CD1 /* RxBlocking.framework */,
				3BBF93EA222D1D7100E23CD1 /* RxCocoa.framework */,
				3BBF93EE222D1D7100E23CD1 /* RxMoya.framework */,
				3BBF93E8222D1D7100E23CD1 /* RxSwift.framework */,
				3BBF93E7222D1D7000E23CD1 /* Swinject.framework */,
				3BBF93E9222D1D7100E23CD1 /* SwinjectStoryboard.framework */,
				3BBF93E5222D1D4F00E23CD1 /* ARCL.framework */,
				3BBF93E1222D1D1700E23CD1 /* Alamofire.framework */,
			);
			name = Frameworks;
			sourceTree = "<group>";
		};
		3BE5345B221FB11700C8AEDD = {
			isa = PBXGroup;
			children = (
				3BBF93E0222D1CE900E23CD1 /* Frameworks */,
				3BE53466221FB11700C8AEDD /* IkimonGO */,
				3BE5347B221FB11800C8AEDD /* IkimonGOTests */,
				3BE53486221FB11800C8AEDD /* IkimonGOUITests */,
				3BE53465221FB11700C8AEDD /* Products */,
			);
			sourceTree = "<group>";
		};
		3BE53465221FB11700C8AEDD /* Products */ = {
			isa = PBXGroup;
			children = (
				3BE53464221FB11700C8AEDD /* IkimonGO.app */,
				3BE53478221FB11800C8AEDD /* IkimonGOTests.xctest */,
				3BE53483221FB11800C8AEDD /* IkimonGOUITests.xctest */,
			);
			name = Products;
			sourceTree = "<group>";
		};
		3BE53466221FB11700C8AEDD /* IkimonGO */ = {
			isa = PBXGroup;
			children = (
				3BA0E559222250260044F17E /* Application */,
				3BE534AA2221252300C8AEDD /* Data */,
				3BE534A82221250200C8AEDD /* Domain */,
				3BA0E55E222250560044F17E /* Presentation */,
				3BE5346E221FB11800C8AEDD /* Assets.xcassets */,
				3BE53473221FB11800C8AEDD /* Info.plist */,
				3BE53470221FB11800C8AEDD /* LaunchScreen.storyboard */,
			);
			path = IkimonGO;
			sourceTree = "<group>";
		};
		3BE5347B221FB11800C8AEDD /* IkimonGOTests */ = {
			isa = PBXGroup;
			children = (
				3BE5347C221FB11800C8AEDD /* IkimonGOTests.swift */,
				3BE5347E221FB11800C8AEDD /* Info.plist */,
			);
			path = IkimonGOTests;
			sourceTree = "<group>";
		};
		3BE53486221FB11800C8AEDD /* IkimonGOUITests */ = {
			isa = PBXGroup;
			children = (
				3BE53487221FB11800C8AEDD /* IkimonGOUITests.swift */,
				3BE53489221FB11800C8AEDD /* Info.plist */,
			);
			path = IkimonGOUITests;
			sourceTree = "<group>";
		};
		3BE534A82221250200C8AEDD /* Domain */ = {
			isa = PBXGroup;
			children = (
				3BA0E561222250B20044F17E /* Model */,
				3BA0E5602222509A0044F17E /* Repository */,
				3BE534AD2221255D00C8AEDD /* UseCase */,
			);
			path = Domain;
			sourceTree = "<group>";
		};
		3BE534AA2221252300C8AEDD /* Data */ = {
			isa = PBXGroup;
			children = (
				3BE534B922214D2000C8AEDD /* DataStore */,
				3B2FAA882224DF6C00CA8752 /* Entity */,
				3BA0E558222250020044F17E /* Network */,
			);
			path = Data;
			sourceTree = "<group>";
		};
		3BE534AD2221255D00C8AEDD /* UseCase */ = {
			isa = PBXGroup;
			children = (
				3BA0E5632222735A0044F17E /* Translator */,
				3BA0E57E2222DF0D0044F17E /* ARUseCase.swift */,
				3BE53498221FB21900C8AEDD /* LoginUseCase.swift */,
				3BA0E4F5222187EB0044F17E /* MapUseCase.swift */,
			);
			path = UseCase;
			sourceTree = "<group>";
		};
		3BE534AF2221257400C8AEDD /* ViewController */ = {
			isa = PBXGroup;
			children = (
				3BA0E5872222F9670044F17E /* StoryBoard */,
				3BA0E57A2222DE530044F17E /* ARViewController.swift */,
				3BE53469221FB11700C8AEDD /* LoginViewController.swift */,
				3BA0E4EE222186ED0044F17E /* MapViewController.swift */,
			);
			path = ViewController;
			sourceTree = "<group>";
		};
		3BE534B922214D2000C8AEDD /* DataStore */ = {
			isa = PBXGroup;
			children = (
				3BA0E4FF222189330044F17E /* CatalogDataStore.swift */,
				3BE534BA22214D3E00C8AEDD /* LoginDataStore.swift */,
				3BA0E5012221893A0044F17E /* MediumDataStore.swift */,
				3BA0E4FD2221892C0044F17E /* RecordDataStore.swift */,
			);
			path = DataStore;
			sourceTree = "<group>";
		};
/* End PBXGroup section */

/* Begin PBXNativeTarget section */
		3BE53463221FB11700C8AEDD /* IkimonGO */ = {
			isa = PBXNativeTarget;
			buildConfigurationList = 3BE5348C221FB11800C8AEDD /* Build configuration list for PBXNativeTarget "IkimonGO" */;
			buildPhases = (
				3BE53460221FB11700C8AEDD /* Sources */,
				3BE53461221FB11700C8AEDD /* Frameworks */,
				3BE53462221FB11700C8AEDD /* Resources */,
				3BE534B52221273900C8AEDD /* Embed Frameworks */,
			);
			buildRules = (
			);
			dependencies = (
			);
			name = IkimonGO;
			productName = IkimonGO;
			productReference = 3BE53464221FB11700C8AEDD /* IkimonGO.app */;
			productType = "com.apple.product-type.application";
		};
		3BE53477221FB11800C8AEDD /* IkimonGOTests */ = {
			isa = PBXNativeTarget;
			buildConfigurationList = 3BE5348F221FB11800C8AEDD /* Build configuration list for PBXNativeTarget "IkimonGOTests" */;
			buildPhases = (
				3BE53474221FB11800C8AEDD /* Sources */,
				3BE53475221FB11800C8AEDD /* Frameworks */,
				3BE53476221FB11800C8AEDD /* Resources */,
			);
			buildRules = (
			);
			dependencies = (
				3BE5347A221FB11800C8AEDD /* PBXTargetDependency */,
			);
			name = IkimonGOTests;
			productName = IkimonGOTests;
			productReference = 3BE53478221FB11800C8AEDD /* IkimonGOTests.xctest */;
			productType = "com.apple.product-type.bundle.unit-test";
		};
		3BE53482221FB11800C8AEDD /* IkimonGOUITests */ = {
			isa = PBXNativeTarget;
			buildConfigurationList = 3BE53492221FB11800C8AEDD /* Build configuration list for PBXNativeTarget "IkimonGOUITests" */;
			buildPhases = (
				3BE5347F221FB11800C8AEDD /* Sources */,
				3BE53480221FB11800C8AEDD /* Frameworks */,
				3BE53481221FB11800C8AEDD /* Resources */,
			);
			buildRules = (
			);
			dependencies = (
				3BE53485221FB11800C8AEDD /* PBXTargetDependency */,
			);
			name = IkimonGOUITests;
			productName = IkimonGOUITests;
			productReference = 3BE53483221FB11800C8AEDD /* IkimonGOUITests.xctest */;
			productType = "com.apple.product-type.bundle.ui-testing";
		};
/* End PBXNativeTarget section */

/* Begin PBXProject section */
		3BE5345C221FB11700C8AEDD /* Project object */ = {
			isa = PBXProject;
			attributes = {
				LastSwiftUpdateCheck = 1010;
				LastUpgradeCheck = 1010;
				ORGANIZATIONNAME = "Takahito Mita";
				TargetAttributes = {
					3BE53463221FB11700C8AEDD = {
						CreatedOnToolsVersion = 10.1;
					};
					3BE53477221FB11800C8AEDD = {
						CreatedOnToolsVersion = 10.1;
						TestTargetID = 3BE53463221FB11700C8AEDD;
					};
					3BE53482221FB11800C8AEDD = {
						CreatedOnToolsVersion = 10.1;
						TestTargetID = 3BE53463221FB11700C8AEDD;
					};
				};
			};
			buildConfigurationList = 3BE5345F221FB11700C8AEDD /* Build configuration list for PBXProject "IkimonGO" */;
			compatibilityVersion = "Xcode 9.3";
			developmentRegion = en;
			hasScannedForEncodings = 0;
			knownRegions = (
				en,
				Base,
			);
			mainGroup = 3BE5345B221FB11700C8AEDD;
			productRefGroup = 3BE53465221FB11700C8AEDD /* Products */;
			projectDirPath = "";
			projectRoot = "";
			targets = (
				3BE53463221FB11700C8AEDD /* IkimonGO */,
				3BE53477221FB11800C8AEDD /* IkimonGOTests */,
				3BE53482221FB11800C8AEDD /* IkimonGOUITests */,
			);
		};
/* End PBXProject section */

/* Begin PBXResourcesBuildPhase section */
		3BE53462221FB11700C8AEDD /* Resources */ = {
			isa = PBXResourcesBuildPhase;
			buildActionMask = 2147483647;
			files = (
				3BA0E4F2222186FF0044F17E /* MapViewController.storyboard in Resources */,
				3BE53472221FB11800C8AEDD /* LaunchScreen.storyboard in Resources */,
				3BE5346F221FB11800C8AEDD /* Assets.xcassets in Resources */,
				3BA0E57D2222DE610044F17E /* ARViewController.storyboard in Resources */,
				3BE5346D221FB11700C8AEDD /* LoginViewController.storyboard in Resources */,
			);
			runOnlyForDeploymentPostprocessing = 0;
		};
		3BE53476221FB11800C8AEDD /* Resources */ = {
			isa = PBXResourcesBuildPhase;
			buildActionMask = 2147483647;
			files = (
			);
			runOnlyForDeploymentPostprocessing = 0;
		};
		3BE53481221FB11800C8AEDD /* Resources */ = {
			isa = PBXResourcesBuildPhase;
			buildActionMask = 2147483647;
			files = (
			);
			runOnlyForDeploymentPostprocessing = 0;
		};
/* End PBXResourcesBuildPhase section */

/* Begin PBXSourcesBuildPhase section */
		3BE53460221FB11700C8AEDD /* Sources */ = {
			isa = PBXSourcesBuildPhase;
			buildActionMask = 2147483647;
			files = (
				3BA0E5502221B9700044F17E /* AuthPlugin.swift in Sources */,
				3BA0E50922218A620044F17E /* MediumEntity.swift in Sources */,
				3BA0E54A2221B6E50044F17E /* RecordAPI.swift in Sources */,
				3BA0E4FC222188B30044F17E /* MediumRepository.swift in Sources */,
				3BA0E56D22227E060044F17E /* MediaModel.swift in Sources */,
				3BA0E57F2222DF0D0044F17E /* ARUseCase.swift in Sources */,
				3BA0E4EF222186ED0044F17E /* MapViewController.swift in Sources */,
				3BA0E50522218A480044F17E /* RecordEntity.swift in Sources */,
				3BA0E50B22218C8B0044F17E /* FormatEntity.swift in Sources */,
				3BA0E57B2222DE530044F17E /* ARViewController.swift in Sources */,
				3BA0E565222273730044F17E /* Translator.swift in Sources */,
				3BA0E572222290340044F17E /* RecordViewModel.swift in Sources */,
				3BA0E4ED222177330044F17E /* LoginRouter.swift in Sources */,
				3BA0E5522221C1BB0044F17E /* UserEntity.swift in Sources */,
				3BE534A2221FBA9D00C8AEDD /* LoginRepository.swift in Sources */,
				3BE534BB22214D3E00C8AEDD /* LoginDataStore.swift in Sources */,
				3BA0E4F6222187EB0044F17E /* MapUseCase.swift in Sources */,
				3BA0E4EB222175850044F17E /* Transitioner.swift in Sources */,
				3BE53496221FB20D00C8AEDD /* LoginPresenter.swift in Sources */,
				3BE534A5221FBBBF00C8AEDD /* APIClient.swift in Sources */,
				3BE5349C221FB23300C8AEDD /* TokenEntity.swift in Sources */,
				3BE5346A221FB11700C8AEDD /* LoginViewController.swift in Sources */,
				3BA0E5812222E4E40044F17E /* ARRouter.swift in Sources */,
				3BA0E5022221893A0044F17E /* MediumDataStore.swift in Sources */,
				3BA0E4FA222188AD0044F17E /* CatalogRepository.swift in Sources */,
				3BA0E4F8222188A30044F17E /* RecordRepository.swift in Sources */,
				3BA0E50D222197810044F17E /* UserAPI.swift in Sources */,
				3BA0E567222273860044F17E /* RecordTranslator.swift in Sources */,
				3BA0E5792222DE490044F17E /* ARPresenter.swift in Sources */,
				3BA0E500222189330044F17E /* CatalogDataStore.swift in Sources */,
				3BA0E5772222DD1D0044F17E /* MapRouter.swift in Sources */,
				3BA0E54C2221B6ED0044F17E /* CatalogAPI.swift in Sources */,
				3BE53468221FB11700C8AEDD /* AppDelegate.swift in Sources */,
				3BE53499221FB21900C8AEDD /* LoginUseCase.swift in Sources */,
				3BA0E50722218A550044F17E /* CatalogEntity.swift in Sources */,
				3BA0E5692222792D0044F17E /* RecordModel.swift in Sources */,
				3BA0E4F4222187780044F17E /* MapPresenter.swift in Sources */,
				3BA0E4FE2221892C0044F17E /* RecordDataStore.swift in Sources */,
				3BA0E54E2221B6F70044F17E /* MediumAPI.swift in Sources */,
			);
			runOnlyForDeploymentPostprocessing = 0;
		};
		3BE53474221FB11800C8AEDD /* Sources */ = {
			isa = PBXSourcesBuildPhase;
			buildActionMask = 2147483647;
			files = (
				3BE534A3221FBA9D00C8AEDD /* LoginRepository.swift in Sources */,
				3BA0E5402221ABF40044F17E /* UserAPI.swift in Sources */,
				3BA0E5432221ABFF0044F17E /* FormatEntity.swift in Sources */,
				3BA0E5532221C5D60044F17E /* UserEntity.swift in Sources */,
				3BA0E53F2221ABEF0044F17E /* MediumDataStore.swift in Sources */,
				3BA0E5442221AC010044F17E /* MediumEntity.swift in Sources */,
				3BE534A6221FBBBF00C8AEDD /* APIClient.swift in Sources */,
				3BE534BC22214D3E00C8AEDD /* LoginDataStore.swift in Sources */,
				3BA0E53B2221ABD70044F17E /* MapPresenter.swift in Sources */,
				3BA0E53E2221ABEC0044F17E /* RecordDataStore.swift in Sources */,
				3BE53497221FB20D00C8AEDD /* LoginPresenter.swift in Sources */,
				3BA0E5482221AC140044F17E /* MediumRepository.swift in Sources */,
				3BA0E5552221C5ED0044F17E /* RecordAPI.swift in Sources */,
				3BA0E5572221C5F60044F17E /* MediumAPI.swift in Sources */,
				3BA0E4F0222186F00044F17E /* MapViewController.swift in Sources */,
				3BA0E5422221ABFC0044F17E /* CatalogEntity.swift in Sources */,
				3BA0E5462221AC0F0044F17E /* RecordRepository.swift in Sources */,
				3BA0E5452221AC0B0044F17E /* MapUseCase.swift in Sources */,
				3BE534AB2221254300C8AEDD /* LoginViewController.swift in Sources */,
				3BA0E53C2221ABDF0044F17E /* Transitioner.swift in Sources */,
				3BE5347D221FB11800C8AEDD /* IkimonGOTests.swift in Sources */,
				3BA0E53D2221ABE90044F17E /* CatalogDataStore.swift in Sources */,
				3BA0E5392221ABC40044F17E /* TokenEntity.swift in Sources */,
				3BA0E5472221AC120044F17E /* CatalogRepository.swift in Sources */,
				3BA0E5542221C5E00044F17E /* AuthPlugin.swift in Sources */,
				3BA0E5562221C5F20044F17E /* CatalogAPI.swift in Sources */,
				3BA0E53A2221ABCF0044F17E /* LoginRouter.swift in Sources */,
				3BA0E5412221ABF90044F17E /* RecordEntity.swift in Sources */,
				3BE5349A221FB21900C8AEDD /* LoginUseCase.swift in Sources */,
			);
			runOnlyForDeploymentPostprocessing = 0;
		};
		3BE5347F221FB11800C8AEDD /* Sources */ = {
			isa = PBXSourcesBuildPhase;
			buildActionMask = 2147483647;
			files = (
				3BE53488221FB11800C8AEDD /* IkimonGOUITests.swift in Sources */,
			);
			runOnlyForDeploymentPostprocessing = 0;
		};
/* End PBXSourcesBuildPhase section */

/* Begin PBXTargetDependency section */
		3BE5347A221FB11800C8AEDD /* PBXTargetDependency */ = {
			isa = PBXTargetDependency;
			target = 3BE53463221FB11700C8AEDD /* IkimonGO */;
			targetProxy = 3BE53479221FB11800C8AEDD /* PBXContainerItemProxy */;
		};
		3BE53485221FB11800C8AEDD /* PBXTargetDependency */ = {
			isa = PBXTargetDependency;
			target = 3BE53463221FB11700C8AEDD /* IkimonGO */;
			targetProxy = 3BE53484221FB11800C8AEDD /* PBXContainerItemProxy */;
		};
/* End PBXTargetDependency section */

/* Begin PBXVariantGroup section */
		3BE5346B221FB11700C8AEDD /* LoginViewController.storyboard */ = {
			isa = PBXVariantGroup;
			children = (
				3BE5346C221FB11700C8AEDD /* Base */,
			);
			name = LoginViewController.storyboard;
			path = .;
			sourceTree = "<group>";
		};
		3BE53470221FB11800C8AEDD /* LaunchScreen.storyboard */ = {
			isa = PBXVariantGroup;
			children = (
				3BE53471221FB11800C8AEDD /* Base */,
			);
			name = LaunchScreen.storyboard;
			path = .;
			sourceTree = "<group>";
		};
/* End PBXVariantGroup section */

/* Begin XCBuildConfiguration section */
		3BE5348A221FB11800C8AEDD /* Debug */ = {
			isa = XCBuildConfiguration;
			buildSettings = {
				ALWAYS_SEARCH_USER_PATHS = NO;
				CLANG_ANALYZER_NONNULL = YES;
				CLANG_ANALYZER_NUMBER_OBJECT_CONVERSION = YES_AGGRESSIVE;
				CLANG_CXX_LANGUAGE_STANDARD = "gnu++14";
				CLANG_CXX_LIBRARY = "libc++";
				CLANG_ENABLE_MODULES = YES;
				CLANG_ENABLE_OBJC_ARC = YES;
				CLANG_ENABLE_OBJC_WEAK = YES;
				CLANG_WARN_BLOCK_CAPTURE_AUTORELEASING = YES;
				CLANG_WARN_BOOL_CONVERSION = YES;
				CLANG_WARN_COMMA = YES;
				CLANG_WARN_CONSTANT_CONVERSION = YES;
				CLANG_WARN_DEPRECATED_OBJC_IMPLEMENTATIONS = YES;
				CLANG_WARN_DIRECT_OBJC_ISA_USAGE = YES_ERROR;
				CLANG_WARN_DOCUMENTATION_COMMENTS = YES;
				CLANG_WARN_EMPTY_BODY = YES;
				CLANG_WARN_ENUM_CONVERSION = YES;
				CLANG_WARN_INFINITE_RECURSION = YES;
				CLANG_WARN_INT_CONVERSION = YES;
				CLANG_WARN_NON_LITERAL_NULL_CONVERSION = YES;
				CLANG_WARN_OBJC_IMPLICIT_RETAIN_SELF = YES;
				CLANG_WARN_OBJC_LITERAL_CONVERSION = YES;
				CLANG_WARN_OBJC_ROOT_CLASS = YES_ERROR;
				CLANG_WARN_RANGE_LOOP_ANALYSIS = YES;
				CLANG_WARN_STRICT_PROTOTYPES = YES;
				CLANG_WARN_SUSPICIOUS_MOVE = YES;
				CLANG_WARN_UNGUARDED_AVAILABILITY = YES_AGGRESSIVE;
				CLANG_WARN_UNREACHABLE_CODE = YES;
				CLANG_WARN__DUPLICATE_METHOD_MATCH = YES;
				CODE_SIGN_IDENTITY = "iPhone Developer";
				COPY_PHASE_STRIP = NO;
				DEBUG_INFORMATION_FORMAT = dwarf;
				ENABLE_STRICT_OBJC_MSGSEND = YES;
				ENABLE_TESTABILITY = YES;
				GCC_C_LANGUAGE_STANDARD = gnu11;
				GCC_DYNAMIC_NO_PIC = NO;
				GCC_NO_COMMON_BLOCKS = YES;
				GCC_OPTIMIZATION_LEVEL = 0;
				GCC_PREPROCESSOR_DEFINITIONS = (
					"DEBUG=1",
					"$(inherited)",
				);
				GCC_WARN_64_TO_32_BIT_CONVERSION = YES;
				GCC_WARN_ABOUT_RETURN_TYPE = YES_ERROR;
				GCC_WARN_UNDECLARED_SELECTOR = YES;
				GCC_WARN_UNINITIALIZED_AUTOS = YES_AGGRESSIVE;
				GCC_WARN_UNUSED_FUNCTION = YES;
				GCC_WARN_UNUSED_VARIABLE = YES;
				IPHONEOS_DEPLOYMENT_TARGET = 12.1;
				MTL_ENABLE_DEBUG_INFO = INCLUDE_SOURCE;
				MTL_FAST_MATH = YES;
				ONLY_ACTIVE_ARCH = YES;
				SDKROOT = iphoneos;
				SWIFT_ACTIVE_COMPILATION_CONDITIONS = DEBUG;
				SWIFT_OPTIMIZATION_LEVEL = "-Onone";
			};
			name = Debug;
		};
		3BE5348B221FB11800C8AEDD /* Release */ = {
			isa = XCBuildConfiguration;
			buildSettings = {
				ALWAYS_SEARCH_USER_PATHS = NO;
				CLANG_ANALYZER_NONNULL = YES;
				CLANG_ANALYZER_NUMBER_OBJECT_CONVERSION = YES_AGGRESSIVE;
				CLANG_CXX_LANGUAGE_STANDARD = "gnu++14";
				CLANG_CXX_LIBRARY = "libc++";
				CLANG_ENABLE_MODULES = YES;
				CLANG_ENABLE_OBJC_ARC = YES;
				CLANG_ENABLE_OBJC_WEAK = YES;
				CLANG_WARN_BLOCK_CAPTURE_AUTORELEASING = YES;
				CLANG_WARN_BOOL_CONVERSION = YES;
				CLANG_WARN_COMMA = YES;
				CLANG_WARN_CONSTANT_CONVERSION = YES;
				CLANG_WARN_DEPRECATED_OBJC_IMPLEMENTATIONS = YES;
				CLANG_WARN_DIRECT_OBJC_ISA_USAGE = YES_ERROR;
				CLANG_WARN_DOCUMENTATION_COMMENTS = YES;
				CLANG_WARN_EMPTY_BODY = YES;
				CLANG_WARN_ENUM_CONVERSION = YES;
				CLANG_WARN_INFINITE_RECURSION = YES;
				CLANG_WARN_INT_CONVERSION = YES;
				CLANG_WARN_NON_LITERAL_NULL_CONVERSION = YES;
				CLANG_WARN_OBJC_IMPLICIT_RETAIN_SELF = YES;
				CLANG_WARN_OBJC_LITERAL_CONVERSION = YES;
				CLANG_WARN_OBJC_ROOT_CLASS = YES_ERROR;
				CLANG_WARN_RANGE_LOOP_ANALYSIS = YES;
				CLANG_WARN_STRICT_PROTOTYPES = YES;
				CLANG_WARN_SUSPICIOUS_MOVE = YES;
				CLANG_WARN_UNGUARDED_AVAILABILITY = YES_AGGRESSIVE;
				CLANG_WARN_UNREACHABLE_CODE = YES;
				CLANG_WARN__DUPLICATE_METHOD_MATCH = YES;
				CODE_SIGN_IDENTITY = "iPhone Developer";
				COPY_PHASE_STRIP = NO;
				DEBUG_INFORMATION_FORMAT = "dwarf-with-dsym";
				ENABLE_NS_ASSERTIONS = NO;
				ENABLE_STRICT_OBJC_MSGSEND = YES;
				GCC_C_LANGUAGE_STANDARD = gnu11;
				GCC_NO_COMMON_BLOCKS = YES;
				GCC_WARN_64_TO_32_BIT_CONVERSION = YES;
				GCC_WARN_ABOUT_RETURN_TYPE = YES_ERROR;
				GCC_WARN_UNDECLARED_SELECTOR = YES;
				GCC_WARN_UNINITIALIZED_AUTOS = YES_AGGRESSIVE;
				GCC_WARN_UNUSED_FUNCTION = YES;
				GCC_WARN_UNUSED_VARIABLE = YES;
				IPHONEOS_DEPLOYMENT_TARGET = 12.1;
				MTL_ENABLE_DEBUG_INFO = NO;
				MTL_FAST_MATH = YES;
				SDKROOT = iphoneos;
				SWIFT_COMPILATION_MODE = wholemodule;
				SWIFT_OPTIMIZATION_LEVEL = "-O";
				VALIDATE_PRODUCT = YES;
			};
			name = Release;
		};
		3BE5348D221FB11800C8AEDD /* Debug */ = {
			isa = XCBuildConfiguration;
			buildSettings = {
				ASSETCATALOG_COMPILER_APPICON_NAME = AppIcon;
				CODE_SIGN_STYLE = Automatic;
				DEVELOPMENT_TEAM = Y3S3TP4PM3;
				FRAMEWORK_SEARCH_PATHS = (
					"$(inherited)",
					"$(PROJECT_DIR)/Carthage/Build/iOS",
				);
				INFOPLIST_FILE = IkimonGO/Info.plist;
				LD_RUNPATH_SEARCH_PATHS = (
					"$(inherited)",
					"@executable_path/Frameworks",
				);
				PRODUCT_BUNDLE_IDENTIFIER = org.ikimongo.IkimonGO;
				PRODUCT_NAME = "$(TARGET_NAME)";
				SWIFT_VERSION = 4.2;
				TARGETED_DEVICE_FAMILY = "1,2";
			};
			name = Debug;
		};
		3BE5348E221FB11800C8AEDD /* Release */ = {
			isa = XCBuildConfiguration;
			buildSettings = {
				ASSETCATALOG_COMPILER_APPICON_NAME = AppIcon;
				CODE_SIGN_STYLE = Automatic;
				DEVELOPMENT_TEAM = Y3S3TP4PM3;
				FRAMEWORK_SEARCH_PATHS = (
					"$(inherited)",
					"$(PROJECT_DIR)/Carthage/Build/iOS",
				);
				INFOPLIST_FILE = IkimonGO/Info.plist;
				LD_RUNPATH_SEARCH_PATHS = (
					"$(inherited)",
					"@executable_path/Frameworks",
				);
				PRODUCT_BUNDLE_IDENTIFIER = org.ikimongo.IkimonGO;
				PRODUCT_NAME = "$(TARGET_NAME)";
				SWIFT_VERSION = 4.2;
				TARGETED_DEVICE_FAMILY = "1,2";
			};
			name = Release;
		};
		3BE53490221FB11800C8AEDD /* Debug */ = {
			isa = XCBuildConfiguration;
			buildSettings = {
				ALWAYS_EMBED_SWIFT_STANDARD_LIBRARIES = YES;
				BUNDLE_LOADER = "$(TEST_HOST)";
				CODE_SIGN_STYLE = Automatic;
				DEVELOPMENT_TEAM = Y3S3TP4PM3;
				FRAMEWORK_SEARCH_PATHS = (
					"$(inherited)",
					"$(PROJECT_DIR)/Carthage/Build/iOS",
					"$(PROJECT_DIR)/Frameworks",
				);
				INFOPLIST_FILE = IkimonGOTests/Info.plist;
				LD_RUNPATH_SEARCH_PATHS = (
					"$(inherited)",
					"@executable_path/Frameworks",
					"@loader_path/Frameworks",
				);
				PRODUCT_BUNDLE_IDENTIFIER = org.ikimongo.IkimonGOTests;
				PRODUCT_NAME = "$(TARGET_NAME)";
				SWIFT_VERSION = 4.2;
				TARGETED_DEVICE_FAMILY = "1,2";
				TEST_HOST = "$(BUILT_PRODUCTS_DIR)/IkimonGO.app/IkimonGO";
			};
			name = Debug;
		};
		3BE53491221FB11800C8AEDD /* Release */ = {
			isa = XCBuildConfiguration;
			buildSettings = {
				ALWAYS_EMBED_SWIFT_STANDARD_LIBRARIES = YES;
				BUNDLE_LOADER = "$(TEST_HOST)";
				CODE_SIGN_STYLE = Automatic;
				DEVELOPMENT_TEAM = Y3S3TP4PM3;
				FRAMEWORK_SEARCH_PATHS = (
					"$(inherited)",
					"$(PROJECT_DIR)/Carthage/Build/iOS",
					"$(PROJECT_DIR)/Frameworks",
				);
				INFOPLIST_FILE = IkimonGOTests/Info.plist;
				LD_RUNPATH_SEARCH_PATHS = (
					"$(inherited)",
					"@executable_path/Frameworks",
					"@loader_path/Frameworks",
				);
				PRODUCT_BUNDLE_IDENTIFIER = org.ikimongo.IkimonGOTests;
				PRODUCT_NAME = "$(TARGET_NAME)";
				SWIFT_VERSION = 4.2;
				TARGETED_DEVICE_FAMILY = "1,2";
				TEST_HOST = "$(BUILT_PRODUCTS_DIR)/IkimonGO.app/IkimonGO";
			};
			name = Release;
		};
		3BE53493221FB11800C8AEDD /* Debug */ = {
			isa = XCBuildConfiguration;
			buildSettings = {
				ALWAYS_EMBED_SWIFT_STANDARD_LIBRARIES = YES;
				CODE_SIGN_STYLE = Automatic;
				INFOPLIST_FILE = IkimonGOUITests/Info.plist;
				LD_RUNPATH_SEARCH_PATHS = (
					"$(inherited)",
					"@executable_path/Frameworks",
					"@loader_path/Frameworks",
				);
				PRODUCT_BUNDLE_IDENTIFIER = org.ikimongo.IkimonGOUITests;
				PRODUCT_NAME = "$(TARGET_NAME)";
				SWIFT_VERSION = 4.2;
				TARGETED_DEVICE_FAMILY = "1,2";
				TEST_TARGET_NAME = IkimonGO;
			};
			name = Debug;
		};
		3BE53494221FB11800C8AEDD /* Release */ = {
			isa = XCBuildConfiguration;
			buildSettings = {
				ALWAYS_EMBED_SWIFT_STANDARD_LIBRARIES = YES;
				CODE_SIGN_STYLE = Automatic;
				INFOPLIST_FILE = IkimonGOUITests/Info.plist;
				LD_RUNPATH_SEARCH_PATHS = (
					"$(inherited)",
					"@executable_path/Frameworks",
					"@loader_path/Frameworks",
				);
				PRODUCT_BUNDLE_IDENTIFIER = org.ikimongo.IkimonGOUITests;
				PRODUCT_NAME = "$(TARGET_NAME)";
				SWIFT_VERSION = 4.2;
				TARGETED_DEVICE_FAMILY = "1,2";
				TEST_TARGET_NAME = IkimonGO;
			};
			name = Release;
		};
/* End XCBuildConfiguration section */

/* Begin XCConfigurationList section */
		3BE5345F221FB11700C8AEDD /* Build configuration list for PBXProject "IkimonGO" */ = {
			isa = XCConfigurationList;
			buildConfigurations = (
				3BE5348A221FB11800C8AEDD /* Debug */,
				3BE5348B221FB11800C8AEDD /* Release */,
			);
			defaultConfigurationIsVisible = 0;
			defaultConfigurationName = Release;
		};
		3BE5348C221FB11800C8AEDD /* Build configuration list for PBXNativeTarget "IkimonGO" */ = {
			isa = XCConfigurationList;
			buildConfigurations = (
				3BE5348D221FB11800C8AEDD /* Debug */,
				3BE5348E221FB11800C8AEDD /* Release */,
			);
			defaultConfigurationIsVisible = 0;
			defaultConfigurationName = Release;
		};
		3BE5348F221FB11800C8AEDD /* Build configuration list for PBXNativeTarget "IkimonGOTests" */ = {
			isa = XCConfigurationList;
			buildConfigurations = (
				3BE53490221FB11800C8AEDD /* Debug */,
				3BE53491221FB11800C8AEDD /* Release */,
			);
			defaultConfigurationIsVisible = 0;
			defaultConfigurationName = Release;
		};
		3BE53492221FB11800C8AEDD /* Build configuration list for PBXNativeTarget "IkimonGOUITests" */ = {
			isa = XCConfigurationList;
			buildConfigurations = (
				3BE53493221FB11800C8AEDD /* Debug */,
				3BE53494221FB11800C8AEDD /* Release */,
			);
			defaultConfigurationIsVisible = 0;
			defaultConfigurationName = Release;
		};
/* End XCConfigurationList section */
	};
	rootObject = 3BE5345C221FB11700C8AEDD /* Project object */;
}
